// !$*UTF8*$!
{
	archiveVersion = 1;
	classes = {
	};
	objectVersion = 56;
	objects = {

/* Begin PBXBuildFile section */
		C91BD7392BD58A03003D8382 /* AppDelegate.swift in Sources */ = {isa = PBXBuildFile; fileRef = C91BD7382BD58A03003D8382 /* AppDelegate.swift */; };
		C91BD73B2BD58A03003D8382 /* SceneDelegate.swift in Sources */ = {isa = PBXBuildFile; fileRef = C91BD73A2BD58A03003D8382 /* SceneDelegate.swift */; };
		C91BD7422BD58A05003D8382 /* Assets.xcassets in Resources */ = {isa = PBXBuildFile; fileRef = C91BD7412BD58A05003D8382 /* Assets.xcassets */; };
		C91BD7452BD58A05003D8382 /* Base in Resources */ = {isa = PBXBuildFile; fileRef = C91BD7442BD58A05003D8382 /* Base */; };
		C91BD74F2BD58A73003D8382 /* CountriesTableViewController.swift in Sources */ = {isa = PBXBuildFile; fileRef = C91BD74E2BD58A73003D8382 /* CountriesTableViewController.swift */; };
		C91BD7512BD58AAC003D8382 /* CountryTableViewCell.swift in Sources */ = {isa = PBXBuildFile; fileRef = C91BD7502BD58AAC003D8382 /* CountryTableViewCell.swift */; };
		C91BD7532BD58AE9003D8382 /* CountryDetailsViewController.swift in Sources */ = {isa = PBXBuildFile; fileRef = C91BD7522BD58AE9003D8382 /* CountryDetailsViewController.swift */; };
		C91BD7552BD58C5E003D8382 /* Country.swift in Sources */ = {isa = PBXBuildFile; fileRef = C91BD7542BD58C5E003D8382 /* Country.swift */; };
		C91BD7572BDAD2E6003D8382 /* LoginViewController.swift in Sources */ = {isa = PBXBuildFile; fileRef = C91BD7562BDAD2E6003D8382 /* LoginViewController.swift */; };
		C91BD7592BDAEEF5003D8382 /* CountriesViewModel.swift in Sources */ = {isa = PBXBuildFile; fileRef = C91BD7582BDAEEF5003D8382 /* CountriesViewModel.swift */; };
		C91BD75B2BDAEF1F003D8382 /* CountryDetailsViewModel.swift in Sources */ = {isa = PBXBuildFile; fileRef = C91BD75A2BDAEF1F003D8382 /* CountryDetailsViewModel.swift */; };
		C91BD75D2BDF6BAC003D8382 /* KeychainService.swift in Sources */ = {isa = PBXBuildFile; fileRef = C91BD75C2BDF6BAC003D8382 /* KeychainService.swift */; };
		C91BD75F2BDF6D25003D8382 /* ProfileViewController.swift in Sources */ = {isa = PBXBuildFile; fileRef = C91BD75E2BDF6D25003D8382 /* ProfileViewController.swift */; };
/* End PBXBuildFile section */

/* Begin PBXFileReference section */
		C91BD7352BD58A03003D8382 /* Countries.app */ = {isa = PBXFileReference; explicitFileType = wrapper.application; includeInIndex = 0; path = Countries.app; sourceTree = BUILT_PRODUCTS_DIR; };
		C91BD7382BD58A03003D8382 /* AppDelegate.swift */ = {isa = PBXFileReference; lastKnownFileType = sourcecode.swift; path = AppDelegate.swift; sourceTree = "<group>"; };
		C91BD73A2BD58A03003D8382 /* SceneDelegate.swift */ = {isa = PBXFileReference; lastKnownFileType = sourcecode.swift; path = SceneDelegate.swift; sourceTree = "<group>"; };
		C91BD7412BD58A05003D8382 /* Assets.xcassets */ = {isa = PBXFileReference; lastKnownFileType = folder.assetcatalog; path = Assets.xcassets; sourceTree = "<group>"; };
		C91BD7442BD58A05003D8382 /* Base */ = {isa = PBXFileReference; lastKnownFileType = file.storyboard; name = Base; path = Base.lproj/LaunchScreen.storyboard; sourceTree = "<group>"; };
		C91BD7462BD58A05003D8382 /* Info.plist */ = {isa = PBXFileReference; lastKnownFileType = text.plist.xml; path = Info.plist; sourceTree = "<group>"; };
		C91BD74E2BD58A73003D8382 /* CountriesTableViewController.swift */ = {isa = PBXFileReference; lastKnownFileType = sourcecode.swift; path = CountriesTableViewController.swift; sourceTree = "<group>"; };
		C91BD7502BD58AAC003D8382 /* CountryTableViewCell.swift */ = {isa = PBXFileReference; lastKnownFileType = sourcecode.swift; path = CountryTableViewCell.swift; sourceTree = "<group>"; };
		C91BD7522BD58AE9003D8382 /* CountryDetailsViewController.swift */ = {isa = PBXFileReference; lastKnownFileType = sourcecode.swift; path = CountryDetailsViewController.swift; sourceTree = "<group>"; };
		C91BD7542BD58C5E003D8382 /* Country.swift */ = {isa = PBXFileReference; lastKnownFileType = sourcecode.swift; path = Country.swift; sourceTree = "<group>"; };
		C91BD7562BDAD2E6003D8382 /* LoginViewController.swift */ = {isa = PBXFileReference; lastKnownFileType = sourcecode.swift; path = LoginViewController.swift; sourceTree = "<group>"; };
		C91BD7582BDAEEF5003D8382 /* CountriesViewModel.swift */ = {isa = PBXFileReference; lastKnownFileType = sourcecode.swift; path = CountriesViewModel.swift; sourceTree = "<group>"; };
		C91BD75A2BDAEF1F003D8382 /* CountryDetailsViewModel.swift */ = {isa = PBXFileReference; lastKnownFileType = sourcecode.swift; path = CountryDetailsViewModel.swift; sourceTree = "<group>"; };
		C91BD75C2BDF6BAC003D8382 /* KeychainService.swift */ = {isa = PBXFileReference; lastKnownFileType = sourcecode.swift; path = KeychainService.swift; sourceTree = "<group>"; };
		C91BD75E2BDF6D25003D8382 /* ProfileViewController.swift */ = {isa = PBXFileReference; lastKnownFileType = sourcecode.swift; path = ProfileViewController.swift; sourceTree = "<group>"; };
/* End PBXFileReference section */

/* Begin PBXFrameworksBuildPhase section */
		C91BD7322BD58A03003D8382 /* Frameworks */ = {
			isa = PBXFrameworksBuildPhase;
			buildActionMask = 2147483647;
			files = (
			);
			runOnlyForDeploymentPostprocessing = 0;
		};
/* End PBXFrameworksBuildPhase section */

/* Begin PBXGroup section */
		C91BD72C2BD58A02003D8382 = {
			isa = PBXGroup;
			children = (
				C91BD7372BD58A03003D8382 /* Countries */,
				C91BD7362BD58A03003D8382 /* Products */,
			);
			sourceTree = "<group>";
		};
		C91BD7362BD58A03003D8382 /* Products */ = {
			isa = PBXGroup;
			children = (
				C91BD7352BD58A03003D8382 /* Countries.app */,
			);
			name = Products;
			sourceTree = "<group>";
		};
		C91BD7372BD58A03003D8382 /* Countries */ = {
			isa = PBXGroup;
			children = (
				C91BD7382BD58A03003D8382 /* AppDelegate.swift */,
				C91BD73A2BD58A03003D8382 /* SceneDelegate.swift */,
				C91BD74E2BD58A73003D8382 /* CountriesTableViewController.swift */,
				C91BD7502BD58AAC003D8382 /* CountryTableViewCell.swift */,
				C91BD7522BD58AE9003D8382 /* CountryDetailsViewController.swift */,
				C91BD7562BDAD2E6003D8382 /* LoginViewController.swift */,
				C91BD7542BD58C5E003D8382 /* Country.swift */,
				C91BD7582BDAEEF5003D8382 /* CountriesViewModel.swift */,
				C91BD75A2BDAEF1F003D8382 /* CountryDetailsViewModel.swift */,
				C91BD75C2BDF6BAC003D8382 /* KeychainService.swift */,
				C91BD75E2BDF6D25003D8382 /* ProfileViewController.swift */,
				C91BD7412BD58A05003D8382 /* Assets.xcassets */,
				C91BD7432BD58A05003D8382 /* LaunchScreen.storyboard */,
				C91BD7462BD58A05003D8382 /* Info.plist */,
			);
			path = Countries;
			sourceTree = "<group>";
		};
/* End PBXGroup section */

/* Begin PBXNativeTarget section */
		C91BD7342BD58A03003D8382 /* Countries */ = {
			isa = PBXNativeTarget;
			buildConfigurationList = C91BD7492BD58A05003D8382 /* Build configuration list for PBXNativeTarget "Countries" */;
			buildPhases = (
				C91BD7312BD58A03003D8382 /* Sources */,
				C91BD7322BD58A03003D8382 /* Frameworks */,
				C91BD7332BD58A03003D8382 /* Resources */,
			);
			buildRules = (
			);
			dependencies = (
			);
			name = Countries;
			productName = Countries;
			productReference = C91BD7352BD58A03003D8382 /* Countries.app */;
			productType = "com.apple.product-type.application";
		};
/* End PBXNativeTarget section */

/* Begin PBXProject section */
		C91BD72D2BD58A03003D8382 /* Project object */ = {
			isa = PBXProject;
			attributes = {
				BuildIndependentTargetsInParallel = 1;
				LastSwiftUpdateCheck = 1530;
				LastUpgradeCheck = 1530;
				TargetAttributes = {
					C91BD7342BD58A03003D8382 = {
						CreatedOnToolsVersion = 15.3;
					};
				};
			};
			buildConfigurationList = C91BD7302BD58A03003D8382 /* Build configuration list for PBXProject "Countries" */;
			compatibilityVersion = "Xcode 14.0";
			developmentRegion = en;
			hasScannedForEncodings = 0;
			knownRegions = (
				en,
				Base,
			);
			mainGroup = C91BD72C2BD58A02003D8382;
			productRefGroup = C91BD7362BD58A03003D8382 /* Products */;
			projectDirPath = "";
			projectRoot = "";
			targets = (
				C91BD7342BD58A03003D8382 /* Countries */,
			);
		};
/* End PBXProject section */

/* Begin PBXResourcesBuildPhase section */
		C91BD7332BD58A03003D8382 /* Resources */ = {
			isa = PBXResourcesBuildPhase;
			buildActionMask = 2147483647;
			files = (
				C91BD7422BD58A05003D8382 /* Assets.xcassets in Resources */,
				C91BD7452BD58A05003D8382 /* Base in Resources */,
			);
			runOnlyForDeploymentPostprocessing = 0;
		};
/* End PBXResourcesBuildPhase section */

/* Begin PBXSourcesBuildPhase section */
		C91BD7312BD58A03003D8382 /* Sources */ = {
			isa = PBXSourcesBuildPhase;
			buildActionMask = 2147483647;
			files = (
				C91BD7552BD58C5E003D8382 /* Country.swift in Sources */,
				C91BD74F2BD58A73003D8382 /* CountriesTableViewController.swift in Sources */,
				C91BD7592BDAEEF5003D8382 /* CountriesViewModel.swift in Sources */,
				C91BD75D2BDF6BAC003D8382 /* KeychainService.swift in Sources */,
				C91BD7392BD58A03003D8382 /* AppDelegate.swift in Sources */,
				C91BD7572BDAD2E6003D8382 /* LoginViewController.swift in Sources */,
				C91BD75F2BDF6D25003D8382 /* ProfileViewController.swift in Sources */,
				C91BD73B2BD58A03003D8382 /* SceneDelegate.swift in Sources */,
				C91BD7532BD58AE9003D8382 /* CountryDetailsViewController.swift in Sources */,
				C91BD75B2BDAEF1F003D8382 /* CountryDetailsViewModel.swift in Sources */,
				C91BD7512BD58AAC003D8382 /* CountryTableViewCell.swift in Sources */,
			);
			runOnlyForDeploymentPostprocessing = 0;
		};
/* End PBXSourcesBuildPhase section */

/* Begin PBXVariantGroup section */
		C91BD7432BD58A05003D8382 /* LaunchScreen.storyboard */ = {
			isa = PBXVariantGroup;
			children = (
				C91BD7442BD58A05003D8382 /* Base */,
			);
			name = LaunchScreen.storyboard;
			sourceTree = "<group>";
		};
/* End PBXVariantGroup section */

/* Begin XCBuildConfiguration section */
		C91BD7472BD58A05003D8382 /* Debug */ = {
			isa = XCBuildConfiguration;
			buildSettings = {
				ALWAYS_SEARCH_USER_PATHS = NO;
				ASSETCATALOG_COMPILER_GENERATE_SWIFT_ASSET_SYMBOL_EXTENSIONS = YES;
				CLANG_ANALYZER_NONNULL = YES;
				CLANG_ANALYZER_NUMBER_OBJECT_CONVERSION = YES_AGGRESSIVE;
				CLANG_CXX_LANGUAGE_STANDARD = "gnu++20";
				CLANG_ENABLE_MODULES = YES;
				CLANG_ENABLE_OBJC_ARC = YES;
				CLANG_ENABLE_OBJC_WEAK = YES;
				CLANG_WARN_BLOCK_CAPTURE_AUTORELEASING = YES;
				CLANG_WARN_BOOL_CONVERSION = YES;
				CLANG_WARN_COMMA = YES;
				CLANG_WARN_CONSTANT_CONVERSION = YES;
				CLANG_WARN_DEPRECATED_OBJC_IMPLEMENTATIONS = YES;
				CLANG_WARN_DIRECT_OBJC_ISA_USAGE = YES_ERROR;
				CLANG_WARN_DOCUMENTATION_COMMENTS = YES;
				CLANG_WARN_EMPTY_BODY = YES;
				CLANG_WARN_ENUM_CONVERSION = YES;
				CLANG_WARN_INFINITE_RECURSION = YES;
				CLANG_WARN_INT_CONVERSION = YES;
				CLANG_WARN_NON_LITERAL_NULL_CONVERSION = YES;
				CLANG_WARN_OBJC_IMPLICIT_RETAIN_SELF = YES;
				CLANG_WARN_OBJC_LITERAL_CONVERSION = YES;
				CLANG_WARN_OBJC_ROOT_CLASS = YES_ERROR;
				CLANG_WARN_QUOTED_INCLUDE_IN_FRAMEWORK_HEADER = YES;
				CLANG_WARN_RANGE_LOOP_ANALYSIS = YES;
				CLANG_WARN_STRICT_PROTOTYPES = YES;
				CLANG_WARN_SUSPICIOUS_MOVE = YES;
				CLANG_WARN_UNGUARDED_AVAILABILITY = YES_AGGRESSIVE;
				CLANG_WARN_UNREACHABLE_CODE = YES;
				CLANG_WARN__DUPLICATE_METHOD_MATCH = YES;
				COPY_PHASE_STRIP = NO;
				DEBUG_INFORMATION_FORMAT = dwarf;
				ENABLE_STRICT_OBJC_MSGSEND = YES;
				ENABLE_TESTABILITY = YES;
				ENABLE_USER_SCRIPT_SANDBOXING = YES;
				GCC_C_LANGUAGE_STANDARD = gnu17;
				GCC_DYNAMIC_NO_PIC = NO;
				GCC_NO_COMMON_BLOCKS = YES;
				GCC_OPTIMIZATION_LEVEL = 0;
				GCC_PREPROCESSOR_DEFINITIONS = (
					"DEBUG=1",
					"$(inherited)",
				);
				GCC_WARN_64_TO_32_BIT_CONVERSION = YES;
				GCC_WARN_ABOUT_RETURN_TYPE = YES_ERROR;
				GCC_WARN_UNDECLARED_SELECTOR = YES;
				GCC_WARN_UNINITIALIZED_AUTOS = YES_AGGRESSIVE;
				GCC_WARN_UNUSED_FUNCTION = YES;
				GCC_WARN_UNUSED_VARIABLE = YES;
				IPHONEOS_DEPLOYMENT_TARGET = 17.4;
				LOCALIZATION_PREFERS_STRING_CATALOGS = YES;
				MTL_ENABLE_DEBUG_INFO = INCLUDE_SOURCE;
				MTL_FAST_MATH = YES;
				ONLY_ACTIVE_ARCH = YES;
				SDKROOT = iphoneos;
				SWIFT_ACTIVE_COMPILATION_CONDITIONS = "DEBUG $(inherited)";
				SWIFT_OPTIMIZATION_LEVEL = "-Onone";
			};
			name = Debug;
		};
		C91BD7482BD58A05003D8382 /* Release */ = {
			isa = XCBuildConfiguration;
			buildSettings = {
				ALWAYS_SEARCH_USER_PATHS = NO;
				ASSETCATALOG_COMPILER_GENERATE_SWIFT_ASSET_SYMBOL_EXTENSIONS = YES;
				CLANG_ANALYZER_NONNULL = YES;
				CLANG_ANALYZER_NUMBER_OBJECT_CONVERSION = YES_AGGRESSIVE;
				CLANG_CXX_LANGUAGE_STANDARD = "gnu++20";
				CLANG_ENABLE_MODULES = YES;
				CLANG_ENABLE_OBJC_ARC = YES;
				CLANG_ENABLE_OBJC_WEAK = YES;
				CLANG_WARN_BLOCK_CAPTURE_AUTORELEASING = YES;
				CLANG_WARN_BOOL_CONVERSION = YES;
				CLANG_WARN_COMMA = YES;
				CLANG_WARN_CONSTANT_CONVERSION = YES;
				CLANG_WARN_DEPRECATED_OBJC_IMPLEMENTATIONS = YES;
				CLANG_WARN_DIRECT_OBJC_ISA_USAGE = YES_ERROR;
				CLANG_WARN_DOCUMENTATION_COMMENTS = YES;
				CLANG_WARN_EMPTY_BODY = YES;
				CLANG_WARN_ENUM_CONVERSION = YES;
				CLANG_WARN_INFINITE_RECURSION = YES;
				CLANG_WARN_INT_CONVERSION = YES;
				CLANG_WARN_NON_LITERAL_NULL_CONVERSION = YES;
				CLANG_WARN_OBJC_IMPLICIT_RETAIN_SELF = YES;
				CLANG_WARN_OBJC_LITERAL_CONVERSION = YES;
				CLANG_WARN_OBJC_ROOT_CLASS = YES_ERROR;
				CLANG_WARN_QUOTED_INCLUDE_IN_FRAMEWORK_HEADER = YES;
				CLANG_WARN_RANGE_LOOP_ANALYSIS = YES;
				CLANG_WARN_STRICT_PROTOTYPES = YES;
				CLANG_WARN_SUSPICIOUS_MOVE = YES;
				CLANG_WARN_UNGUARDED_AVAILABILITY = YES_AGGRESSIVE;
				CLANG_WARN_UNREACHABLE_CODE = YES;
				CLANG_WARN__DUPLICATE_METHOD_MATCH = YES;
				COPY_PHASE_STRIP = NO;
				DEBUG_INFORMATION_FORMAT = "dwarf-with-dsym";
				ENABLE_NS_ASSERTIONS = NO;
				ENABLE_STRICT_OBJC_MSGSEND = YES;
				ENABLE_USER_SCRIPT_SANDBOXING = YES;
				GCC_C_LANGUAGE_STANDARD = gnu17;
				GCC_NO_COMMON_BLOCKS = YES;
				GCC_WARN_64_TO_32_BIT_CONVERSION = YES;
				GCC_WARN_ABOUT_RETURN_TYPE = YES_ERROR;
				GCC_WARN_UNDECLARED_SELECTOR = YES;
				GCC_WARN_UNINITIALIZED_AUTOS = YES_AGGRESSIVE;
				GCC_WARN_UNUSED_FUNCTION = YES;
				GCC_WARN_UNUSED_VARIABLE = YES;
				IPHONEOS_DEPLOYMENT_TARGET = 17.4;
				LOCALIZATION_PREFERS_STRING_CATALOGS = YES;
				MTL_ENABLE_DEBUG_INFO = NO;
				MTL_FAST_MATH = YES;
				SDKROOT = iphoneos;
				SWIFT_COMPILATION_MODE = wholemodule;
				VALIDATE_PRODUCT = YES;
			};
			name = Release;
		};
		C91BD74A2BD58A05003D8382 /* Debug */ = {
			isa = XCBuildConfiguration;
			buildSettings = {
				ASSETCATALOG_COMPILER_APPICON_NAME = AppIcon;
				ASSETCATALOG_COMPILER_GLOBAL_ACCENT_COLOR_NAME = AccentColor;
				CODE_SIGN_STYLE = Automatic;
				CURRENT_PROJECT_VERSION = 1;
				GENERATE_INFOPLIST_FILE = YES;
				INFOPLIST_FILE = Countries/Info.plist;
				INFOPLIST_KEY_UIApplicationSupportsIndirectInputEvents = YES;
				INFOPLIST_KEY_UILaunchStoryboardName = LaunchScreen;
				INFOPLIST_KEY_UISupportedInterfaceOrientations_iPad = "UIInterfaceOrientationPortrait UIInterfaceOrientationPortraitUpsideDown UIInterfaceOrientationLandscapeLeft UIInterfaceOrientationLandscapeRight";
				INFOPLIST_KEY_UISupportedInterfaceOrientations_iPhone = "UIInterfaceOrientationPortrait UIInterfaceOrientationLandscapeLeft UIInterfaceOrientationLandscapeRight";
				LD_RUNPATH_SEARCH_PATHS = (
					"$(inherited)",
					"@executable_path/Frameworks",
				);
				MARKETING_VERSION = 1.0;
				PRODUCT_BUNDLE_IDENTIFIER = com.gegatatulishvili.Countries;
				PRODUCT_NAME = "$(TARGET_NAME)";
				SWIFT_EMIT_LOC_STRINGS = YES;
				SWIFT_VERSION = 5.0;
				TARGETED_DEVICE_FAMILY = "1,2";
			};
			name = Debug;
		};
		C91BD74B2BD58A05003D8382 /* Release */ = {
			isa = XCBuildConfiguration;
			buildSettings = {
				ASSETCATALOG_COMPILER_APPICON_NAME = AppIcon;
				ASSETCATALOG_COMPILER_GLOBAL_ACCENT_COLOR_NAME = AccentColor;
				CODE_SIGN_STYLE = Automatic;
				CURRENT_PROJECT_VERSION = 1;
				GENERATE_INFOPLIST_FILE = YES;
				INFOPLIST_FILE = Countries/Info.plist;
				INFOPLIST_KEY_UIApplicationSupportsIndirectInputEvents = YES;
				INFOPLIST_KEY_UILaunchStoryboardName = LaunchScreen;
				INFOPLIST_KEY_UISupportedInterfaceOrientations_iPad = "UIInterfaceOrientationPortrait UIInterfaceOrientationPortraitUpsideDown UIInterfaceOrientationLandscapeLeft UIInterfaceOrientationLandscapeRight";
				INFOPLIST_KEY_UISupportedInterfaceOrientations_iPhone = "UIInterfaceOrientationPortrait UIInterfaceOrientationLandscapeLeft UIInterfaceOrientationLandscapeRight";
				LD_RUNPATH_SEARCH_PATHS = (
					"$(inherited)",
					"@executable_path/Frameworks",
				);
				MARKETING_VERSION = 1.0;
				PRODUCT_BUNDLE_IDENTIFIER = com.gegatatulishvili.Countries;
				PRODUCT_NAME = "$(TARGET_NAME)";
				SWIFT_EMIT_LOC_STRINGS = YES;
				SWIFT_VERSION = 5.0;
				TARGETED_DEVICE_FAMILY = "1,2";
			};
			name = Release;
		};
/* End XCBuildConfiguration section */

/* Begin XCConfigurationList section */
		C91BD7302BD58A03003D8382 /* Build configuration list for PBXProject "Countries" */ = {
			isa = XCConfigurationList;
			buildConfigurations = (
				C91BD7472BD58A05003D8382 /* Debug */,
				C91BD7482BD58A05003D8382 /* Release */,
			);
			defaultConfigurationIsVisible = 0;
			defaultConfigurationName = Release;
		};
		C91BD7492BD58A05003D8382 /* Build configuration list for PBXNativeTarget "Countries" */ = {
			isa = XCConfigurationList;
			buildConfigurations = (
				C91BD74A2BD58A05003D8382 /* Debug */,
				C91BD74B2BD58A05003D8382 /* Release */,
			);
			defaultConfigurationIsVisible = 0;
			defaultConfigurationName = Release;
		};
/* End XCConfigurationList section */
	};
	rootObject = C91BD72D2BD58A03003D8382 /* Project object */;
}
